
Microsoft Visual Studio Solution File, Format Version 12.00
# Visual Studio 15
VisualStudioVersion = 15.0.28307.1525
MinimumVisualStudioVersion = 10.0.40219.1
Project("{FAE04EC0-301F-11D3-BF4B-00C04F79EFBC}") = "Bootry", "Bootry\Bootry.csproj", "{0EF46A3B-3811-4738-BAC4-4D3CD01BEB93}"
EndProject
Global
	GlobalSection(SolutionConfigurationPlatforms) = preSolution
		Debug|Any CPU = Debug|Any CPU
		Release|Any CPU = Release|Any CPU
	EndGlobalSection
	GlobalSection(ProjectConfigurationPlatforms) = postSolution
		{0EF46A3B-3811-4738-BAC4-4D3CD01BEB93}.Debug|Any CPU.ActiveCfg = Debug|Any CPU
		{0EF46A3B-3811-4738-BAC4-4D3CD01BEB93}.Debug|Any CPU.Build.0 = Debug|Any CPU
		{0EF46A3B-3811-4738-BAC4-4D3CD01BEB93}.Release|Any CPU.ActiveCfg = Release|Any CPU
		{0EF46A3B-3811-4738-BAC4-4D3CD01BEB93}.Release|Any CPU.Build.0 = Release|Any CPU
	EndGlobalSection
	GlobalSection(SolutionProperties) = preSolution
		HideSolutionNode = FALSE
	EndGlobalSection
	GlobalSection(ExtensibilityGlobals) = postSolution
		SolutionGuid = {574F325A-10A6-4534-ACFD-E1AF32B97DEC}
	EndGlobalSection
EndGlobal
